// !$*UTF8*$!
{
	archiveVersion = 1;
	classes = {
	};
	objectVersion = 55;
	objects = {

/* Begin PBXBuildFile section */
		0BCD4B282855C3470022D5E3 /* fdroneApp.swift in Sources */ = {isa = PBXBuildFile; fileRef = 0BCD4B272855C3470022D5E3 /* fdroneApp.swift */; };
		0BCD4B2A2855C3470022D5E3 /* ContentView.swift in Sources */ = {isa = PBXBuildFile; fileRef = 0BCD4B292855C3470022D5E3 /* ContentView.swift */; };
		0BCD4B2C2855C34B0022D5E3 /* Assets.xcassets in Resources */ = {isa = PBXBuildFile; fileRef = 0BCD4B2B2855C34B0022D5E3 /* Assets.xcassets */; };
		0BCD4B2F2855C34B0022D5E3 /* Preview Assets.xcassets in Resources */ = {isa = PBXBuildFile; fileRef = 0BCD4B2E2855C34B0022D5E3 /* Preview Assets.xcassets */; };
		0BCD4B372855CC350022D5E3 /* LoginView.swift in Sources */ = {isa = PBXBuildFile; fileRef = 0BCD4B362855CC350022D5E3 /* LoginView.swift */; };
		0BCD4B392855D4740022D5E3 /* SignUpView.swift in Sources */ = {isa = PBXBuildFile; fileRef = 0BCD4B382855D4740022D5E3 /* SignUpView.swift */; };
		0BCD4B3B2855DE9B0022D5E3 /* SignUpDetailView.swift in Sources */ = {isa = PBXBuildFile; fileRef = 0BCD4B3A2855DE9B0022D5E3 /* SignUpDetailView.swift */; };
		0BCD4B3D2855E4A60022D5E3 /* EmailRegistrationView.swift in Sources */ = {isa = PBXBuildFile; fileRef = 0BCD4B3C2855E4A50022D5E3 /* EmailRegistrationView.swift */; };
		0BCD4B402855E5800022D5E3 /* UsernameRegistrationView.swift in Sources */ = {isa = PBXBuildFile; fileRef = 0BCD4B3F2855E5800022D5E3 /* UsernameRegistrationView.swift */; };
		0BCD4B422855E5D30022D5E3 /* PasswordRegistrationView.swift in Sources */ = {isa = PBXBuildFile; fileRef = 0BCD4B412855E5D30022D5E3 /* PasswordRegistrationView.swift */; };
		0BCD4B44285616C20022D5E3 /* MainView.swift in Sources */ = {isa = PBXBuildFile; fileRef = 0BCD4B43285616C20022D5E3 /* MainView.swift */; };
		0BCD4B46285624990022D5E3 /* CustomTextFieldStyle.swift in Sources */ = {isa = PBXBuildFile; fileRef = 0BCD4B45285624990022D5E3 /* CustomTextFieldStyle.swift */; };
		0BCD4B48285642070022D5E3 /* CredentialObject.swift in Sources */ = {isa = PBXBuildFile; fileRef = 0BCD4B47285642070022D5E3 /* CredentialObject.swift */; };
		0BCD4B4C28564F670022D5E3 /* Alamofire in Frameworks */ = {isa = PBXBuildFile; productRef = 0BCD4B4B28564F670022D5E3 /* Alamofire */; };
		0BCD4B52285651E50022D5E3 /* Credentials.swift in Sources */ = {isa = PBXBuildFile; fileRef = 0BCD4B51285651E50022D5E3 /* Credentials.swift */; };
		0BCD4B55285655DD0022D5E3 /* Client.swift in Sources */ = {isa = PBXBuildFile; fileRef = 0BCD4B54285655DD0022D5E3 /* Client.swift */; };
		0BCD4B5828577BA70022D5E3 /* WebView.swift in Sources */ = {isa = PBXBuildFile; fileRef = 0BCD4B5728577BA70022D5E3 /* WebView.swift */; };
		0BCD4B5B28577EBB0022D5E3 /* NavigationConfigurator.swift in Sources */ = {isa = PBXBuildFile; fileRef = 0BCD4B5A28577EBB0022D5E3 /* NavigationConfigurator.swift */; };
		0BCD4B5D2857807A0022D5E3 /* NavigationBarColor.swift in Sources */ = {isa = PBXBuildFile; fileRef = 0BCD4B5C2857807A0022D5E3 /* NavigationBarColor.swift */; };
		0BCD4B6D2857B59C0022D5E3 /* map.json in Resources */ = {isa = PBXBuildFile; fileRef = 0BCD4B6C2857B59C0022D5E3 /* map.json */; };
		0BCD4B702857B5C90022D5E3 /* AnimationView.swift in Sources */ = {isa = PBXBuildFile; fileRef = 0BCD4B6F2857B5C90022D5E3 /* AnimationView.swift */; };
		0BCD4B742857BCA00022D5E3 /* LottieUI in Frameworks */ = {isa = PBXBuildFile; productRef = 0BCD4B732857BCA00022D5E3 /* LottieUI */; };
		0BCD4B762857BFC90022D5E3 /* drone.json in Resources */ = {isa = PBXBuildFile; fileRef = 0BCD4B752857BFC90022D5E3 /* drone.json */; };
		0BCD4B7A2857C8830022D5E3 /* fire.json in Resources */ = {isa = PBXBuildFile; fileRef = 0BCD4B792857C8830022D5E3 /* fire.json */; };
		0BCD4B7C2857C8950022D5E3 /* ok.json in Resources */ = {isa = PBXBuildFile; fileRef = 0BCD4B7B2857C8950022D5E3 /* ok.json */; };
/* End PBXBuildFile section */

/* Begin PBXFileReference section */
		0BCD4B242855C3470022D5E3 /* fdrone.app */ = {isa = PBXFileReference; explicitFileType = wrapper.application; includeInIndex = 0; path = fdrone.app; sourceTree = BUILT_PRODUCTS_DIR; };
		0BCD4B272855C3470022D5E3 /* fdroneApp.swift */ = {isa = PBXFileReference; lastKnownFileType = sourcecode.swift; path = fdroneApp.swift; sourceTree = "<group>"; };
		0BCD4B292855C3470022D5E3 /* ContentView.swift */ = {isa = PBXFileReference; lastKnownFileType = sourcecode.swift; path = ContentView.swift; sourceTree = "<group>"; };
		0BCD4B2B2855C34B0022D5E3 /* Assets.xcassets */ = {isa = PBXFileReference; lastKnownFileType = folder.assetcatalog; path = Assets.xcassets; sourceTree = "<group>"; };
		0BCD4B2E2855C34B0022D5E3 /* Preview Assets.xcassets */ = {isa = PBXFileReference; lastKnownFileType = folder.assetcatalog; path = "Preview Assets.xcassets"; sourceTree = "<group>"; };
		0BCD4B362855CC350022D5E3 /* LoginView.swift */ = {isa = PBXFileReference; lastKnownFileType = sourcecode.swift; path = LoginView.swift; sourceTree = "<group>"; };
		0BCD4B382855D4740022D5E3 /* SignUpView.swift */ = {isa = PBXFileReference; lastKnownFileType = sourcecode.swift; path = SignUpView.swift; sourceTree = "<group>"; };
		0BCD4B3A2855DE9B0022D5E3 /* SignUpDetailView.swift */ = {isa = PBXFileReference; lastKnownFileType = sourcecode.swift; path = SignUpDetailView.swift; sourceTree = "<group>"; };
		0BCD4B3C2855E4A50022D5E3 /* EmailRegistrationView.swift */ = {isa = PBXFileReference; lastKnownFileType = sourcecode.swift; path = EmailRegistrationView.swift; sourceTree = "<group>"; };
		0BCD4B3F2855E5800022D5E3 /* UsernameRegistrationView.swift */ = {isa = PBXFileReference; lastKnownFileType = sourcecode.swift; path = UsernameRegistrationView.swift; sourceTree = "<group>"; };
		0BCD4B412855E5D30022D5E3 /* PasswordRegistrationView.swift */ = {isa = PBXFileReference; lastKnownFileType = sourcecode.swift; path = PasswordRegistrationView.swift; sourceTree = "<group>"; };
		0BCD4B43285616C20022D5E3 /* MainView.swift */ = {isa = PBXFileReference; lastKnownFileType = sourcecode.swift; path = MainView.swift; sourceTree = "<group>"; };
		0BCD4B45285624990022D5E3 /* CustomTextFieldStyle.swift */ = {isa = PBXFileReference; lastKnownFileType = sourcecode.swift; path = CustomTextFieldStyle.swift; sourceTree = "<group>"; };
		0BCD4B47285642070022D5E3 /* CredentialObject.swift */ = {isa = PBXFileReference; lastKnownFileType = sourcecode.swift; path = CredentialObject.swift; sourceTree = "<group>"; };
		0BCD4B51285651E50022D5E3 /* Credentials.swift */ = {isa = PBXFileReference; lastKnownFileType = sourcecode.swift; path = Credentials.swift; sourceTree = "<group>"; };
		0BCD4B54285655DD0022D5E3 /* Client.swift */ = {isa = PBXFileReference; lastKnownFileType = sourcecode.swift; path = Client.swift; sourceTree = "<group>"; };
		0BCD4B5728577BA70022D5E3 /* WebView.swift */ = {isa = PBXFileReference; lastKnownFileType = sourcecode.swift; path = WebView.swift; sourceTree = "<group>"; };
		0BCD4B5A28577EBB0022D5E3 /* NavigationConfigurator.swift */ = {isa = PBXFileReference; lastKnownFileType = sourcecode.swift; path = NavigationConfigurator.swift; sourceTree = "<group>"; };
		0BCD4B5C2857807A0022D5E3 /* NavigationBarColor.swift */ = {isa = PBXFileReference; lastKnownFileType = sourcecode.swift; path = NavigationBarColor.swift; sourceTree = "<group>"; };
		0BCD4B6C2857B59C0022D5E3 /* map.json */ = {isa = PBXFileReference; fileEncoding = 4; lastKnownFileType = text.json; path = map.json; sourceTree = "<group>"; };
		0BCD4B6F2857B5C90022D5E3 /* AnimationView.swift */ = {isa = PBXFileReference; lastKnownFileType = sourcecode.swift; path = AnimationView.swift; sourceTree = "<group>"; };
		0BCD4B752857BFC90022D5E3 /* drone.json */ = {isa = PBXFileReference; fileEncoding = 4; lastKnownFileType = text.json; path = drone.json; sourceTree = "<group>"; };
		0BCD4B792857C8830022D5E3 /* fire.json */ = {isa = PBXFileReference; fileEncoding = 4; lastKnownFileType = text.json; path = fire.json; sourceTree = "<group>"; };
		0BCD4B7B2857C8950022D5E3 /* ok.json */ = {isa = PBXFileReference; fileEncoding = 4; lastKnownFileType = text.json; path = ok.json; sourceTree = "<group>"; };
/* End PBXFileReference section */

/* Begin PBXFrameworksBuildPhase section */
		0BCD4B212855C3470022D5E3 /* Frameworks */ = {
			isa = PBXFrameworksBuildPhase;
			buildActionMask = 2147483647;
			files = (
				0BCD4B4C28564F670022D5E3 /* Alamofire in Frameworks */,
				0BCD4B742857BCA00022D5E3 /* LottieUI in Frameworks */,
			);
			runOnlyForDeploymentPostprocessing = 0;
		};
/* End PBXFrameworksBuildPhase section */

/* Begin PBXGroup section */
		0BCD4B1B2855C3470022D5E3 = {
			isa = PBXGroup;
			children = (
				0BCD4B262855C3470022D5E3 /* fdrone */,
				0BCD4B252855C3470022D5E3 /* Products */,
			);
			sourceTree = "<group>";
		};
		0BCD4B252855C3470022D5E3 /* Products */ = {
			isa = PBXGroup;
			children = (
				0BCD4B242855C3470022D5E3 /* fdrone.app */,
			);
			name = Products;
			sourceTree = "<group>";
		};
		0BCD4B262855C3470022D5E3 /* fdrone */ = {
			isa = PBXGroup;
			children = (
				0BCD4B6B2857B5830022D5E3 /* Animations */,
				0BCD4B5928577E940022D5E3 /* Helpers */,
				0BCD4B53285655D00022D5E3 /* Services */,
				0BCD4B50285651C30022D5E3 /* Models */,
				0BCD4B49285647190022D5E3 /* ViewModels */,
				0BCD4B352855CC200022D5E3 /* Views */,
				0BCD4B272855C3470022D5E3 /* fdroneApp.swift */,
				0BCD4B2B2855C34B0022D5E3 /* Assets.xcassets */,
				0BCD4B2D2855C34B0022D5E3 /* Preview Content */,
			);
			path = fdrone;
			sourceTree = "<group>";
		};
		0BCD4B2D2855C34B0022D5E3 /* Preview Content */ = {
			isa = PBXGroup;
			children = (
				0BCD4B2E2855C34B0022D5E3 /* Preview Assets.xcassets */,
			);
			path = "Preview Content";
			sourceTree = "<group>";
		};
		0BCD4B352855CC200022D5E3 /* Views */ = {
			isa = PBXGroup;
			children = (
				0BCD4B6E2857B5B80022D5E3 /* Animations */,
				0BCD4B3E2855E5500022D5E3 /* RegistrationForms */,
				0BCD4B292855C3470022D5E3 /* ContentView.swift */,
				0BCD4B362855CC350022D5E3 /* LoginView.swift */,
				0BCD4B382855D4740022D5E3 /* SignUpView.swift */,
				0BCD4B3A2855DE9B0022D5E3 /* SignUpDetailView.swift */,
				0BCD4B43285616C20022D5E3 /* MainView.swift */,
			);
			path = Views;
			sourceTree = "<group>";
		};
		0BCD4B3E2855E5500022D5E3 /* RegistrationForms */ = {
			isa = PBXGroup;
			children = (
				0BCD4B3C2855E4A50022D5E3 /* EmailRegistrationView.swift */,
				0BCD4B3F2855E5800022D5E3 /* UsernameRegistrationView.swift */,
				0BCD4B412855E5D30022D5E3 /* PasswordRegistrationView.swift */,
				0BCD4B45285624990022D5E3 /* CustomTextFieldStyle.swift */,
			);
			path = RegistrationForms;
			sourceTree = "<group>";
		};
		0BCD4B49285647190022D5E3 /* ViewModels */ = {
			isa = PBXGroup;
			children = (
				0BCD4B47285642070022D5E3 /* CredentialObject.swift */,
			);
			path = ViewModels;
			sourceTree = "<group>";
		};
		0BCD4B50285651C30022D5E3 /* Models */ = {
			isa = PBXGroup;
			children = (
				0BCD4B51285651E50022D5E3 /* Credentials.swift */,
			);
			path = Models;
			sourceTree = "<group>";
		};
		0BCD4B53285655D00022D5E3 /* Services */ = {
			isa = PBXGroup;
			children = (
				0BCD4B54285655DD0022D5E3 /* Client.swift */,
			);
			path = Services;
			sourceTree = "<group>";
		};
		0BCD4B5928577E940022D5E3 /* Helpers */ = {
			isa = PBXGroup;
			children = (
				0BCD4B5728577BA70022D5E3 /* WebView.swift */,
				0BCD4B5A28577EBB0022D5E3 /* NavigationConfigurator.swift */,
				0BCD4B5C2857807A0022D5E3 /* NavigationBarColor.swift */,
			);
			path = Helpers;
			sourceTree = "<group>";
		};
		0BCD4B6B2857B5830022D5E3 /* Animations */ = {
			isa = PBXGroup;
			children = (
				0BCD4B792857C8830022D5E3 /* fire.json */,
				0BCD4B6C2857B59C0022D5E3 /* map.json */,
				0BCD4B7B2857C8950022D5E3 /* ok.json */,
				0BCD4B752857BFC90022D5E3 /* drone.json */,
			);
			path = Animations;
			sourceTree = "<group>";
		};
		0BCD4B6E2857B5B80022D5E3 /* Animations */ = {
			isa = PBXGroup;
			children = (
				0BCD4B6F2857B5C90022D5E3 /* AnimationView.swift */,
			);
			path = Animations;
			sourceTree = "<group>";
		};
/* End PBXGroup section */

/* Begin PBXNativeTarget section */
		0BCD4B232855C3470022D5E3 /* fdrone */ = {
			isa = PBXNativeTarget;
			buildConfigurationList = 0BCD4B322855C34B0022D5E3 /* Build configuration list for PBXNativeTarget "fdrone" */;
			buildPhases = (
				0BCD4B202855C3470022D5E3 /* Sources */,
				0BCD4B212855C3470022D5E3 /* Frameworks */,
				0BCD4B222855C3470022D5E3 /* Resources */,
			);
			buildRules = (
			);
			dependencies = (
			);
			name = fdrone;
			packageProductDependencies = (
				0BCD4B4B28564F670022D5E3 /* Alamofire */,
				0BCD4B732857BCA00022D5E3 /* LottieUI */,
			);
			productName = fdrone;
			productReference = 0BCD4B242855C3470022D5E3 /* fdrone.app */;
			productType = "com.apple.product-type.application";
		};
/* End PBXNativeTarget section */

/* Begin PBXProject section */
		0BCD4B1C2855C3470022D5E3 /* Project object */ = {
			isa = PBXProject;
			attributes = {
				BuildIndependentTargetsInParallel = 1;
				LastSwiftUpdateCheck = 1340;
				LastUpgradeCheck = 1340;
				TargetAttributes = {
					0BCD4B232855C3470022D5E3 = {
						CreatedOnToolsVersion = 13.4.1;
					};
				};
			};
			buildConfigurationList = 0BCD4B1F2855C3470022D5E3 /* Build configuration list for PBXProject "fdrone" */;
			compatibilityVersion = "Xcode 13.0";
			developmentRegion = en;
			hasScannedForEncodings = 0;
			knownRegions = (
				en,
				Base,
			);
			mainGroup = 0BCD4B1B2855C3470022D5E3;
			packageReferences = (
				0BCD4B4A28564F670022D5E3 /* XCRemoteSwiftPackageReference "Alamofire" */,
				0BCD4B722857BC9F0022D5E3 /* XCRemoteSwiftPackageReference "LottieUI" */,
			);
			productRefGroup = 0BCD4B252855C3470022D5E3 /* Products */;
			projectDirPath = "";
			projectRoot = "";
			targets = (
				0BCD4B232855C3470022D5E3 /* fdrone */,
			);
		};
/* End PBXProject section */

/* Begin PBXResourcesBuildPhase section */
		0BCD4B222855C3470022D5E3 /* Resources */ = {
			isa = PBXResourcesBuildPhase;
			buildActionMask = 2147483647;
			files = (
				0BCD4B7C2857C8950022D5E3 /* ok.json in Resources */,
				0BCD4B6D2857B59C0022D5E3 /* map.json in Resources */,
				0BCD4B2F2855C34B0022D5E3 /* Preview Assets.xcassets in Resources */,
				0BCD4B2C2855C34B0022D5E3 /* Assets.xcassets in Resources */,
				0BCD4B7A2857C8830022D5E3 /* fire.json in Resources */,
				0BCD4B762857BFC90022D5E3 /* drone.json in Resources */,
			);
			runOnlyForDeploymentPostprocessing = 0;
		};
/* End PBXResourcesBuildPhase section */

/* Begin PBXSourcesBuildPhase section */
		0BCD4B202855C3470022D5E3 /* Sources */ = {
			isa = PBXSourcesBuildPhase;
			buildActionMask = 2147483647;
			files = (
				0BCD4B392855D4740022D5E3 /* SignUpView.swift in Sources */,
				0BCD4B44285616C20022D5E3 /* MainView.swift in Sources */,
				0BCD4B52285651E50022D5E3 /* Credentials.swift in Sources */,
				0BCD4B372855CC350022D5E3 /* LoginView.swift in Sources */,
				0BCD4B48285642070022D5E3 /* CredentialObject.swift in Sources */,
				0BCD4B422855E5D30022D5E3 /* PasswordRegistrationView.swift in Sources */,
				0BCD4B55285655DD0022D5E3 /* Client.swift in Sources */,
				0BCD4B702857B5C90022D5E3 /* AnimationView.swift in Sources */,
				0BCD4B5D2857807A0022D5E3 /* NavigationBarColor.swift in Sources */,
				0BCD4B46285624990022D5E3 /* CustomTextFieldStyle.swift in Sources */,
				0BCD4B2A2855C3470022D5E3 /* ContentView.swift in Sources */,
				0BCD4B3B2855DE9B0022D5E3 /* SignUpDetailView.swift in Sources */,
				0BCD4B3D2855E4A60022D5E3 /* EmailRegistrationView.swift in Sources */,
				0BCD4B282855C3470022D5E3 /* fdroneApp.swift in Sources */,
				0BCD4B402855E5800022D5E3 /* UsernameRegistrationView.swift in Sources */,
				0BCD4B5B28577EBB0022D5E3 /* NavigationConfigurator.swift in Sources */,
				0BCD4B5828577BA70022D5E3 /* WebView.swift in Sources */,
			);
			runOnlyForDeploymentPostprocessing = 0;
		};
/* End PBXSourcesBuildPhase section */

/* Begin XCBuildConfiguration section */
		0BCD4B302855C34B0022D5E3 /* Debug */ = {
			isa = XCBuildConfiguration;
			buildSettings = {
				ALWAYS_SEARCH_USER_PATHS = NO;
				CLANG_ANALYZER_NONNULL = YES;
				CLANG_ANALYZER_NUMBER_OBJECT_CONVERSION = YES_AGGRESSIVE;
				CLANG_CXX_LANGUAGE_STANDARD = "gnu++17";
				CLANG_ENABLE_MODULES = YES;
				CLANG_ENABLE_OBJC_ARC = YES;
				CLANG_ENABLE_OBJC_WEAK = YES;
				CLANG_WARN_BLOCK_CAPTURE_AUTORELEASING = YES;
				CLANG_WARN_BOOL_CONVERSION = YES;
				CLANG_WARN_COMMA = YES;
				CLANG_WARN_CONSTANT_CONVERSION = YES;
				CLANG_WARN_DEPRECATED_OBJC_IMPLEMENTATIONS = YES;
				CLANG_WARN_DIRECT_OBJC_ISA_USAGE = YES_ERROR;
				CLANG_WARN_DOCUMENTATION_COMMENTS = YES;
				CLANG_WARN_EMPTY_BODY = YES;
				CLANG_WARN_ENUM_CONVERSION = YES;
				CLANG_WARN_INFINITE_RECURSION = YES;
				CLANG_WARN_INT_CONVERSION = YES;
				CLANG_WARN_NON_LITERAL_NULL_CONVERSION = YES;
				CLANG_WARN_OBJC_IMPLICIT_RETAIN_SELF = YES;
				CLANG_WARN_OBJC_LITERAL_CONVERSION = YES;
				CLANG_WARN_OBJC_ROOT_CLASS = YES_ERROR;
				CLANG_WARN_QUOTED_INCLUDE_IN_FRAMEWORK_HEADER = YES;
				CLANG_WARN_RANGE_LOOP_ANALYSIS = YES;
				CLANG_WARN_STRICT_PROTOTYPES = YES;
				CLANG_WARN_SUSPICIOUS_MOVE = YES;
				CLANG_WARN_UNGUARDED_AVAILABILITY = YES_AGGRESSIVE;
				CLANG_WARN_UNREACHABLE_CODE = YES;
				CLANG_WARN__DUPLICATE_METHOD_MATCH = YES;
				COPY_PHASE_STRIP = NO;
				DEBUG_INFORMATION_FORMAT = dwarf;
				ENABLE_STRICT_OBJC_MSGSEND = YES;
				ENABLE_TESTABILITY = YES;
				GCC_C_LANGUAGE_STANDARD = gnu11;
				GCC_DYNAMIC_NO_PIC = NO;
				GCC_NO_COMMON_BLOCKS = YES;
				GCC_OPTIMIZATION_LEVEL = 0;
				GCC_PREPROCESSOR_DEFINITIONS = (
					"DEBUG=1",
					"$(inherited)",
				);
				GCC_WARN_64_TO_32_BIT_CONVERSION = YES;
				GCC_WARN_ABOUT_RETURN_TYPE = YES_ERROR;
				GCC_WARN_UNDECLARED_SELECTOR = YES;
				GCC_WARN_UNINITIALIZED_AUTOS = YES_AGGRESSIVE;
				GCC_WARN_UNUSED_FUNCTION = YES;
				GCC_WARN_UNUSED_VARIABLE = YES;
				IPHONEOS_DEPLOYMENT_TARGET = 15.5;
				MTL_ENABLE_DEBUG_INFO = INCLUDE_SOURCE;
				MTL_FAST_MATH = YES;
				ONLY_ACTIVE_ARCH = YES;
				SDKROOT = iphoneos;
				SWIFT_ACTIVE_COMPILATION_CONDITIONS = DEBUG;
				SWIFT_OPTIMIZATION_LEVEL = "-Onone";
			};
			name = Debug;
		};
		0BCD4B312855C34B0022D5E3 /* Release */ = {
			isa = XCBuildConfiguration;
			buildSettings = {
				ALWAYS_SEARCH_USER_PATHS = NO;
				CLANG_ANALYZER_NONNULL = YES;
				CLANG_ANALYZER_NUMBER_OBJECT_CONVERSION = YES_AGGRESSIVE;
				CLANG_CXX_LANGUAGE_STANDARD = "gnu++17";
				CLANG_ENABLE_MODULES = YES;
				CLANG_ENABLE_OBJC_ARC = YES;
				CLANG_ENABLE_OBJC_WEAK = YES;
				CLANG_WARN_BLOCK_CAPTURE_AUTORELEASING = YES;
				CLANG_WARN_BOOL_CONVERSION = YES;
				CLANG_WARN_COMMA = YES;
				CLANG_WARN_CONSTANT_CONVERSION = YES;
				CLANG_WARN_DEPRECATED_OBJC_IMPLEMENTATIONS = YES;
				CLANG_WARN_DIRECT_OBJC_ISA_USAGE = YES_ERROR;
				CLANG_WARN_DOCUMENTATION_COMMENTS = YES;
				CLANG_WARN_EMPTY_BODY = YES;
				CLANG_WARN_ENUM_CONVERSION = YES;
				CLANG_WARN_INFINITE_RECURSION = YES;
				CLANG_WARN_INT_CONVERSION = YES;
				CLANG_WARN_NON_LITERAL_NULL_CONVERSION = YES;
				CLANG_WARN_OBJC_IMPLICIT_RETAIN_SELF = YES;
				CLANG_WARN_OBJC_LITERAL_CONVERSION = YES;
				CLANG_WARN_OBJC_ROOT_CLASS = YES_ERROR;
				CLANG_WARN_QUOTED_INCLUDE_IN_FRAMEWORK_HEADER = YES;
				CLANG_WARN_RANGE_LOOP_ANALYSIS = YES;
				CLANG_WARN_STRICT_PROTOTYPES = YES;
				CLANG_WARN_SUSPICIOUS_MOVE = YES;
				CLANG_WARN_UNGUARDED_AVAILABILITY = YES_AGGRESSIVE;
				CLANG_WARN_UNREACHABLE_CODE = YES;
				CLANG_WARN__DUPLICATE_METHOD_MATCH = YES;
				COPY_PHASE_STRIP = NO;
				DEBUG_INFORMATION_FORMAT = "dwarf-with-dsym";
				ENABLE_NS_ASSERTIONS = NO;
				ENABLE_STRICT_OBJC_MSGSEND = YES;
				GCC_C_LANGUAGE_STANDARD = gnu11;
				GCC_NO_COMMON_BLOCKS = YES;
				GCC_WARN_64_TO_32_BIT_CONVERSION = YES;
				GCC_WARN_ABOUT_RETURN_TYPE = YES_ERROR;
				GCC_WARN_UNDECLARED_SELECTOR = YES;
				GCC_WARN_UNINITIALIZED_AUTOS = YES_AGGRESSIVE;
				GCC_WARN_UNUSED_FUNCTION = YES;
				GCC_WARN_UNUSED_VARIABLE = YES;
				IPHONEOS_DEPLOYMENT_TARGET = 15.5;
				MTL_ENABLE_DEBUG_INFO = NO;
				MTL_FAST_MATH = YES;
				SDKROOT = iphoneos;
				SWIFT_COMPILATION_MODE = wholemodule;
				SWIFT_OPTIMIZATION_LEVEL = "-O";
				VALIDATE_PRODUCT = YES;
			};
			name = Release;
		};
		0BCD4B332855C34B0022D5E3 /* Debug */ = {
			isa = XCBuildConfiguration;
			buildSettings = {
				ASSETCATALOG_COMPILER_APPICON_NAME = AppIcon;
				ASSETCATALOG_COMPILER_GLOBAL_ACCENT_COLOR_NAME = AccentColor;
				CODE_SIGN_STYLE = Automatic;
				CURRENT_PROJECT_VERSION = 1;
				DEVELOPMENT_ASSET_PATHS = "\"fdrone/Preview Content\"";
				DEVELOPMENT_TEAM = LVBMDY357W;
				ENABLE_PREVIEWS = YES;
				GENERATE_INFOPLIST_FILE = YES;
				INFOPLIST_KEY_UIApplicationSceneManifest_Generation = YES;
				INFOPLIST_KEY_UIApplicationSupportsIndirectInputEvents = YES;
				INFOPLIST_KEY_UILaunchScreen_Generation = YES;
				INFOPLIST_KEY_UISupportedInterfaceOrientations_iPad = "UIInterfaceOrientationPortrait UIInterfaceOrientationPortraitUpsideDown UIInterfaceOrientationLandscapeLeft UIInterfaceOrientationLandscapeRight";
				INFOPLIST_KEY_UISupportedInterfaceOrientations_iPhone = "UIInterfaceOrientationPortrait UIInterfaceOrientationLandscapeLeft UIInterfaceOrientationLandscapeRight";
				LD_RUNPATH_SEARCH_PATHS = (
					"$(inherited)",
					"@executable_path/Frameworks",
				);
				MARKETING_VERSION = 1.0;
				PRODUCT_BUNDLE_IDENTIFIER = com.seanhong2000.KKodiac.fdrone;
				PRODUCT_NAME = "$(TARGET_NAME)";
				SWIFT_EMIT_LOC_STRINGS = YES;
				SWIFT_VERSION = 5.0;
				TARGETED_DEVICE_FAMILY = "1,2";
			};
			name = Debug;
		};
		0BCD4B342855C34B0022D5E3 /* Release */ = {
			isa = XCBuildConfiguration;
			buildSettings = {
				ASSETCATALOG_COMPILER_APPICON_NAME = AppIcon;
				ASSETCATALOG_COMPILER_GLOBAL_ACCENT_COLOR_NAME = AccentColor;
				CODE_SIGN_STYLE = Automatic;
				CURRENT_PROJECT_VERSION = 1;
				DEVELOPMENT_ASSET_PATHS = "\"fdrone/Preview Content\"";
				DEVELOPMENT_TEAM = LVBMDY357W;
				ENABLE_PREVIEWS = YES;
				GENERATE_INFOPLIST_FILE = YES;
				INFOPLIST_KEY_UIApplicationSceneManifest_Generation = YES;
				INFOPLIST_KEY_UIApplicationSupportsIndirectInputEvents = YES;
				INFOPLIST_KEY_UILaunchScreen_Generation = YES;
				INFOPLIST_KEY_UISupportedInterfaceOrientations_iPad = "UIInterfaceOrientationPortrait UIInterfaceOrientationPortraitUpsideDown UIInterfaceOrientationLandscapeLeft UIInterfaceOrientationLandscapeRight";
				INFOPLIST_KEY_UISupportedInterfaceOrientations_iPhone = "UIInterfaceOrientationPortrait UIInterfaceOrientationLandscapeLeft UIInterfaceOrientationLandscapeRight";
				LD_RUNPATH_SEARCH_PATHS = (
					"$(inherited)",
					"@executable_path/Frameworks",
				);
				MARKETING_VERSION = 1.0;
				PRODUCT_BUNDLE_IDENTIFIER = com.seanhong2000.KKodiac.fdrone;
				PRODUCT_NAME = "$(TARGET_NAME)";
				SWIFT_EMIT_LOC_STRINGS = YES;
				SWIFT_VERSION = 5.0;
				TARGETED_DEVICE_FAMILY = "1,2";
			};
			name = Release;
		};
/* End XCBuildConfiguration section */

/* Begin XCConfigurationList section */
		0BCD4B1F2855C3470022D5E3 /* Build configuration list for PBXProject "fdrone" */ = {
			isa = XCConfigurationList;
			buildConfigurations = (
				0BCD4B302855C34B0022D5E3 /* Debug */,
				0BCD4B312855C34B0022D5E3 /* Release */,
			);
			defaultConfigurationIsVisible = 0;
			defaultConfigurationName = Release;
		};
		0BCD4B322855C34B0022D5E3 /* Build configuration list for PBXNativeTarget "fdrone" */ = {
			isa = XCConfigurationList;
			buildConfigurations = (
				0BCD4B332855C34B0022D5E3 /* Debug */,
				0BCD4B342855C34B0022D5E3 /* Release */,
			);
			defaultConfigurationIsVisible = 0;
			defaultConfigurationName = Release;
		};
/* End XCConfigurationList section */

/* Begin XCRemoteSwiftPackageReference section */
		0BCD4B4A28564F670022D5E3 /* XCRemoteSwiftPackageReference "Alamofire" */ = {
			isa = XCRemoteSwiftPackageReference;
			repositoryURL = "https://github.com/Alamofire/Alamofire.git";
			requirement = {
				branch = master;
				kind = branch;
			};
		};
		0BCD4B722857BC9F0022D5E3 /* XCRemoteSwiftPackageReference "LottieUI" */ = {
			isa = XCRemoteSwiftPackageReference;
			repositoryURL = "https://github.com/jasudev/LottieUI.git";
			requirement = {
				branch = main;
				kind = branch;
			};
		};
/* End XCRemoteSwiftPackageReference section */

/* Begin XCSwiftPackageProductDependency section */
		0BCD4B4B28564F670022D5E3 /* Alamofire */ = {
			isa = XCSwiftPackageProductDependency;
			package = 0BCD4B4A28564F670022D5E3 /* XCRemoteSwiftPackageReference "Alamofire" */;
			productName = Alamofire;
		};
		0BCD4B732857BCA00022D5E3 /* LottieUI */ = {
			isa = XCSwiftPackageProductDependency;
			package = 0BCD4B722857BC9F0022D5E3 /* XCRemoteSwiftPackageReference "LottieUI" */;
			productName = LottieUI;
		};
/* End XCSwiftPackageProductDependency section */
	};
	rootObject = 0BCD4B1C2855C3470022D5E3 /* Project object */;
}
